// !$*UTF8*$!
{
	archiveVersion = 1;
	classes = {
	};
	objectVersion = 50;
	objects = {

/* Begin PBXBuildFile section */
		9304A9532312BBC90013DABE /* AppDelegate.swift in Sources */ = {isa = PBXBuildFile; fileRef = 9304A9522312BBC90013DABE /* AppDelegate.swift */; };
		9304A9582312BBC90013DABE /* Main.storyboard in Resources */ = {isa = PBXBuildFile; fileRef = 9304A9562312BBC90013DABE /* Main.storyboard */; };
		9304A95A2312BBCA0013DABE /* Assets.xcassets in Resources */ = {isa = PBXBuildFile; fileRef = 9304A9592312BBCA0013DABE /* Assets.xcassets */; };
		9304A95D2312BBCA0013DABE /* LaunchScreen.storyboard in Resources */ = {isa = PBXBuildFile; fileRef = 9304A95B2312BBCA0013DABE /* LaunchScreen.storyboard */; };
		9304A9682312BBCA0013DABE /* ProfileStatusTests.swift in Sources */ = {isa = PBXBuildFile; fileRef = 9304A9672312BBCA0013DABE /* ProfileStatusTests.swift */; };
		9304A9732312BBCA0013DABE /* ProfileStatusUITests.swift in Sources */ = {isa = PBXBuildFile; fileRef = 9304A9722312BBCA0013DABE /* ProfileStatusUITests.swift */; };
		9304A9812312BC030013DABE /* ProfileStatusVC.swift in Sources */ = {isa = PBXBuildFile; fileRef = 9304A9802312BC030013DABE /* ProfileStatusVC.swift */; };
		9304A9A02312BF930013DABE /* Constants.swift in Sources */ = {isa = PBXBuildFile; fileRef = 9304A9822312BF920013DABE /* Constants.swift */; };
		9304A9A12312BF930013DABE /* CommonExtensions.swift in Sources */ = {isa = PBXBuildFile; fileRef = 9304A9842312BF920013DABE /* CommonExtensions.swift */; };
		9304A9A22312BF930013DABE /* Modelable.swift in Sources */ = {isa = PBXBuildFile; fileRef = 9304A9852312BF920013DABE /* Modelable.swift */; };
		9304A9A32312BF930013DABE /* URLExtension.swift in Sources */ = {isa = PBXBuildFile; fileRef = 9304A9862312BF920013DABE /* URLExtension.swift */; };
		9304A9A42312BF930013DABE /* FileManagerExtension.swift in Sources */ = {isa = PBXBuildFile; fileRef = 9304A9872312BF920013DABE /* FileManagerExtension.swift */; };
		9304A9A52312BF930013DABE /* URLRequestExtension.swift in Sources */ = {isa = PBXBuildFile; fileRef = 9304A9882312BF920013DABE /* URLRequestExtension.swift */; };
		9304A9A62312BF930013DABE /* DictionaryExtension.swift in Sources */ = {isa = PBXBuildFile; fileRef = 9304A9892312BF920013DABE /* DictionaryExtension.swift */; };
		9304A9A72312BF930013DABE /* JSONObject.swift in Sources */ = {isa = PBXBuildFile; fileRef = 9304A98A2312BF920013DABE /* JSONObject.swift */; };
		9304A9A82312BF930013DABE /* NSObject+Observable.swift in Sources */ = {isa = PBXBuildFile; fileRef = 9304A98C2312BF920013DABE /* NSObject+Observable.swift */; };
		9304A9A92312BF930013DABE /* BlockBasedSelector.swift in Sources */ = {isa = PBXBuildFile; fileRef = 9304A98D2312BF920013DABE /* BlockBasedSelector.swift */; };
		9304A9AA2312BF930013DABE /* UIControls+Bindable.swift in Sources */ = {isa = PBXBuildFile; fileRef = 9304A98E2312BF920013DABE /* UIControls+Bindable.swift */; };
		9304A9AB2312BF930013DABE /* BlockBasedSelector.m in Sources */ = {isa = PBXBuildFile; fileRef = 9304A98F2312BF920013DABE /* BlockBasedSelector.m */; };
		9304A9AC2312BF930013DABE /* Bindable.swift in Sources */ = {isa = PBXBuildFile; fileRef = 9304A9902312BF920013DABE /* Bindable.swift */; };
		9304A9AD2312BF930013DABE /* CommonProtocol.swift in Sources */ = {isa = PBXBuildFile; fileRef = 9304A9912312BF920013DABE /* CommonProtocol.swift */; };
		9304A9AE2312BF930013DABE /* Observable.swift in Sources */ = {isa = PBXBuildFile; fileRef = 9304A9922312BF920013DABE /* Observable.swift */; };
		9304A9B22312BF930013DABE /* NetworkManager.swift in Sources */ = {isa = PBXBuildFile; fileRef = 9304A9992312BF920013DABE /* NetworkManager.swift */; };
		9304A9B32312BF930013DABE /* RequestProtocol.swift in Sources */ = {isa = PBXBuildFile; fileRef = 9304A99A2312BF920013DABE /* RequestProtocol.swift */; };
		9304A9B42312BF930013DABE /* NetworkAPIResponse.swift in Sources */ = {isa = PBXBuildFile; fileRef = 9304A99B2312BF920013DABE /* NetworkAPIResponse.swift */; };
		9304A9B52312BF930013DABE /* BaseOperationQueue.swift in Sources */ = {isa = PBXBuildFile; fileRef = 9304A99D2312BF920013DABE /* BaseOperationQueue.swift */; };
		9304A9B62312BF930013DABE /* NetworkAPIClient.swift in Sources */ = {isa = PBXBuildFile; fileRef = 9304A99E2312BF920013DABE /* NetworkAPIClient.swift */; };
		9304A9B72312BF930013DABE /* NetworkRequest.swift in Sources */ = {isa = PBXBuildFile; fileRef = 9304A99F2312BF920013DABE /* NetworkRequest.swift */; };
		9304A9BA2312C0FB0013DABE /* File.swift in Sources */ = {isa = PBXBuildFile; fileRef = 9304A9B92312C0FB0013DABE /* File.swift */; };
		93B67E772314409600392443 /* CircularProgress.swift in Sources */ = {isa = PBXBuildFile; fileRef = 93B67E762314409600392443 /* CircularProgress.swift */; };
		93B67E79231454F500392443 /* ImageViewExtension.swift in Sources */ = {isa = PBXBuildFile; fileRef = 93B67E78231454F500392443 /* ImageViewExtension.swift */; };
		93B67E8323150BD700392443 /* ProfileVM.swift in Sources */ = {isa = PBXBuildFile; fileRef = 93B67E8223150BD700392443 /* ProfileVM.swift */; };
		93B67E8B2315ADF600392443 /* AvatarFetcher.swift in Sources */ = {isa = PBXBuildFile; fileRef = 93B67E8A2315ADF600392443 /* AvatarFetcher.swift */; };
		93B67E8F2316B00700392443 /* ProfileVMTests.swift in Sources */ = {isa = PBXBuildFile; fileRef = 93B67E8E2316B00700392443 /* ProfileVMTests.swift */; };
		93B67E912316B25B00392443 /* ProfileStatusVCTests.swift in Sources */ = {isa = PBXBuildFile; fileRef = 93B67E902316B25B00392443 /* ProfileStatusVCTests.swift */; };
/* End PBXBuildFile section */

/* Begin PBXContainerItemProxy section */
		9304A9642312BBCA0013DABE /* PBXContainerItemProxy */ = {
			isa = PBXContainerItemProxy;
			containerPortal = 9304A9472312BBC90013DABE /* Project object */;
			proxyType = 1;
			remoteGlobalIDString = 9304A94E2312BBC90013DABE;
			remoteInfo = ProfileStatus;
		};
		9304A96F2312BBCA0013DABE /* PBXContainerItemProxy */ = {
			isa = PBXContainerItemProxy;
			containerPortal = 9304A9472312BBC90013DABE /* Project object */;
			proxyType = 1;
			remoteGlobalIDString = 9304A94E2312BBC90013DABE;
			remoteInfo = ProfileStatus;
		};
/* End PBXContainerItemProxy section */

/* Begin PBXFileReference section */
		9304A94F2312BBC90013DABE /* ProfileStatus.app */ = {isa = PBXFileReference; explicitFileType = wrapper.application; includeInIndex = 0; path = ProfileStatus.app; sourceTree = BUILT_PRODUCTS_DIR; };
		9304A9522312BBC90013DABE /* AppDelegate.swift */ = {isa = PBXFileReference; lastKnownFileType = sourcecode.swift; path = AppDelegate.swift; sourceTree = "<group>"; };
		9304A9572312BBC90013DABE /* Base */ = {isa = PBXFileReference; lastKnownFileType = file.storyboard; name = Base; path = Base.lproj/Main.storyboard; sourceTree = "<group>"; };
		9304A9592312BBCA0013DABE /* Assets.xcassets */ = {isa = PBXFileReference; lastKnownFileType = folder.assetcatalog; path = Assets.xcassets; sourceTree = "<group>"; };
		9304A95C2312BBCA0013DABE /* Base */ = {isa = PBXFileReference; lastKnownFileType = file.storyboard; name = Base; path = Base.lproj/LaunchScreen.storyboard; sourceTree = "<group>"; };
		9304A95E2312BBCA0013DABE /* Info.plist */ = {isa = PBXFileReference; lastKnownFileType = text.plist.xml; path = Info.plist; sourceTree = "<group>"; };
		9304A9632312BBCA0013DABE /* ProfileStatusTests.xctest */ = {isa = PBXFileReference; explicitFileType = wrapper.cfbundle; includeInIndex = 0; path = ProfileStatusTests.xctest; sourceTree = BUILT_PRODUCTS_DIR; };
		9304A9672312BBCA0013DABE /* ProfileStatusTests.swift */ = {isa = PBXFileReference; lastKnownFileType = sourcecode.swift; path = ProfileStatusTests.swift; sourceTree = "<group>"; };
		9304A9692312BBCA0013DABE /* Info.plist */ = {isa = PBXFileReference; lastKnownFileType = text.plist.xml; path = Info.plist; sourceTree = "<group>"; };
		9304A96E2312BBCA0013DABE /* ProfileStatusUITests.xctest */ = {isa = PBXFileReference; explicitFileType = wrapper.cfbundle; includeInIndex = 0; path = ProfileStatusUITests.xctest; sourceTree = BUILT_PRODUCTS_DIR; };
		9304A9722312BBCA0013DABE /* ProfileStatusUITests.swift */ = {isa = PBXFileReference; lastKnownFileType = sourcecode.swift; path = ProfileStatusUITests.swift; sourceTree = "<group>"; };
		9304A9742312BBCA0013DABE /* Info.plist */ = {isa = PBXFileReference; lastKnownFileType = text.plist.xml; path = Info.plist; sourceTree = "<group>"; };
		9304A9802312BC030013DABE /* ProfileStatusVC.swift */ = {isa = PBXFileReference; lastKnownFileType = sourcecode.swift; path = ProfileStatusVC.swift; sourceTree = "<group>"; };
		9304A9822312BF920013DABE /* Constants.swift */ = {isa = PBXFileReference; fileEncoding = 4; lastKnownFileType = sourcecode.swift; path = Constants.swift; sourceTree = "<group>"; };
		9304A9842312BF920013DABE /* CommonExtensions.swift */ = {isa = PBXFileReference; fileEncoding = 4; lastKnownFileType = sourcecode.swift; path = CommonExtensions.swift; sourceTree = "<group>"; };
		9304A9852312BF920013DABE /* Modelable.swift */ = {isa = PBXFileReference; fileEncoding = 4; lastKnownFileType = sourcecode.swift; path = Modelable.swift; sourceTree = "<group>"; };
		9304A9862312BF920013DABE /* URLExtension.swift */ = {isa = PBXFileReference; fileEncoding = 4; lastKnownFileType = sourcecode.swift; path = URLExtension.swift; sourceTree = "<group>"; };
		9304A9872312BF920013DABE /* FileManagerExtension.swift */ = {isa = PBXFileReference; fileEncoding = 4; lastKnownFileType = sourcecode.swift; path = FileManagerExtension.swift; sourceTree = "<group>"; };
		9304A9882312BF920013DABE /* URLRequestExtension.swift */ = {isa = PBXFileReference; fileEncoding = 4; lastKnownFileType = sourcecode.swift; path = URLRequestExtension.swift; sourceTree = "<group>"; };
		9304A9892312BF920013DABE /* DictionaryExtension.swift */ = {isa = PBXFileReference; fileEncoding = 4; lastKnownFileType = sourcecode.swift; path = DictionaryExtension.swift; sourceTree = "<group>"; };
		9304A98A2312BF920013DABE /* JSONObject.swift */ = {isa = PBXFileReference; fileEncoding = 4; lastKnownFileType = sourcecode.swift; path = JSONObject.swift; sourceTree = "<group>"; };
		9304A98C2312BF920013DABE /* NSObject+Observable.swift */ = {isa = PBXFileReference; fileEncoding = 4; lastKnownFileType = sourcecode.swift; path = "NSObject+Observable.swift"; sourceTree = "<group>"; };
		9304A98D2312BF920013DABE /* BlockBasedSelector.swift */ = {isa = PBXFileReference; fileEncoding = 4; lastKnownFileType = sourcecode.swift; path = BlockBasedSelector.swift; sourceTree = "<group>"; };
		9304A98E2312BF920013DABE /* UIControls+Bindable.swift */ = {isa = PBXFileReference; fileEncoding = 4; lastKnownFileType = sourcecode.swift; path = "UIControls+Bindable.swift"; sourceTree = "<group>"; };
		9304A98F2312BF920013DABE /* BlockBasedSelector.m */ = {isa = PBXFileReference; fileEncoding = 4; lastKnownFileType = sourcecode.c.objc; path = BlockBasedSelector.m; sourceTree = "<group>"; };
		9304A9902312BF920013DABE /* Bindable.swift */ = {isa = PBXFileReference; fileEncoding = 4; lastKnownFileType = sourcecode.swift; path = Bindable.swift; sourceTree = "<group>"; };
		9304A9912312BF920013DABE /* CommonProtocol.swift */ = {isa = PBXFileReference; fileEncoding = 4; lastKnownFileType = sourcecode.swift; path = CommonProtocol.swift; sourceTree = "<group>"; };
		9304A9922312BF920013DABE /* Observable.swift */ = {isa = PBXFileReference; fileEncoding = 4; lastKnownFileType = sourcecode.swift; path = Observable.swift; sourceTree = "<group>"; };
		9304A9932312BF920013DABE /* BlockBasedSelector.h */ = {isa = PBXFileReference; fileEncoding = 4; lastKnownFileType = sourcecode.c.h; path = BlockBasedSelector.h; sourceTree = "<group>"; };
		9304A9992312BF920013DABE /* NetworkManager.swift */ = {isa = PBXFileReference; fileEncoding = 4; lastKnownFileType = sourcecode.swift; path = NetworkManager.swift; sourceTree = "<group>"; };
		9304A99A2312BF920013DABE /* RequestProtocol.swift */ = {isa = PBXFileReference; fileEncoding = 4; lastKnownFileType = sourcecode.swift; path = RequestProtocol.swift; sourceTree = "<group>"; };
		9304A99B2312BF920013DABE /* NetworkAPIResponse.swift */ = {isa = PBXFileReference; fileEncoding = 4; lastKnownFileType = sourcecode.swift; path = NetworkAPIResponse.swift; sourceTree = "<group>"; };
		9304A99D2312BF920013DABE /* BaseOperationQueue.swift */ = {isa = PBXFileReference; fileEncoding = 4; lastKnownFileType = sourcecode.swift; path = BaseOperationQueue.swift; sourceTree = "<group>"; };
		9304A99E2312BF920013DABE /* NetworkAPIClient.swift */ = {isa = PBXFileReference; fileEncoding = 4; lastKnownFileType = sourcecode.swift; path = NetworkAPIClient.swift; sourceTree = "<group>"; };
		9304A99F2312BF920013DABE /* NetworkRequest.swift */ = {isa = PBXFileReference; fileEncoding = 4; lastKnownFileType = sourcecode.swift; path = NetworkRequest.swift; sourceTree = "<group>"; };
		9304A9B92312C0FB0013DABE /* File.swift */ = {isa = PBXFileReference; fileEncoding = 4; lastKnownFileType = sourcecode.swift; path = File.swift; sourceTree = "<group>"; };
		9304A9C12312C4860013DABE /* ProfileStatus-Bridging-Header.h */ = {isa = PBXFileReference; fileEncoding = 4; lastKnownFileType = sourcecode.c.h; path = "ProfileStatus-Bridging-Header.h"; sourceTree = "<group>"; };
		93B67E762314409600392443 /* CircularProgress.swift */ = {isa = PBXFileReference; lastKnownFileType = sourcecode.swift; path = CircularProgress.swift; sourceTree = "<group>"; };
		93B67E78231454F500392443 /* ImageViewExtension.swift */ = {isa = PBXFileReference; lastKnownFileType = sourcecode.swift; path = ImageViewExtension.swift; sourceTree = "<group>"; };
		93B67E8223150BD700392443 /* ProfileVM.swift */ = {isa = PBXFileReference; lastKnownFileType = sourcecode.swift; path = ProfileVM.swift; sourceTree = "<group>"; };
		93B67E8A2315ADF600392443 /* AvatarFetcher.swift */ = {isa = PBXFileReference; lastKnownFileType = sourcecode.swift; path = AvatarFetcher.swift; sourceTree = "<group>"; };
		93B67E8E2316B00700392443 /* ProfileVMTests.swift */ = {isa = PBXFileReference; lastKnownFileType = sourcecode.swift; path = ProfileVMTests.swift; sourceTree = "<group>"; };
		93B67E902316B25B00392443 /* ProfileStatusVCTests.swift */ = {isa = PBXFileReference; lastKnownFileType = sourcecode.swift; path = ProfileStatusVCTests.swift; sourceTree = "<group>"; };
/* End PBXFileReference section */

/* Begin PBXFrameworksBuildPhase section */
		9304A94C2312BBC90013DABE /* Frameworks */ = {
			isa = PBXFrameworksBuildPhase;
			buildActionMask = 2147483647;
			files = (
			);
			runOnlyForDeploymentPostprocessing = 0;
		};
		9304A9602312BBCA0013DABE /* Frameworks */ = {
			isa = PBXFrameworksBuildPhase;
			buildActionMask = 2147483647;
			files = (
			);
			runOnlyForDeploymentPostprocessing = 0;
		};
		9304A96B2312BBCA0013DABE /* Frameworks */ = {
			isa = PBXFrameworksBuildPhase;
			buildActionMask = 2147483647;
			files = (
			);
			runOnlyForDeploymentPostprocessing = 0;
		};
/* End PBXFrameworksBuildPhase section */

/* Begin PBXGroup section */
		9304A9462312BBC90013DABE = {
			isa = PBXGroup;
			children = (
				9304A9512312BBC90013DABE /* ProfileStatus */,
				9304A9662312BBCA0013DABE /* ProfileStatusTests */,
				9304A9712312BBCA0013DABE /* ProfileStatusUITests */,
				9304A9502312BBC90013DABE /* Products */,
			);
			sourceTree = "<group>";
		};
		9304A9502312BBC90013DABE /* Products */ = {
			isa = PBXGroup;
			children = (
				9304A94F2312BBC90013DABE /* ProfileStatus.app */,
				9304A9632312BBCA0013DABE /* ProfileStatusTests.xctest */,
				9304A96E2312BBCA0013DABE /* ProfileStatusUITests.xctest */,
			);
			name = Products;
			sourceTree = "<group>";
		};
		9304A9512312BBC90013DABE /* ProfileStatus */ = {
			isa = PBXGroup;
			children = (
				9304A9522312BBC90013DABE /* AppDelegate.swift */,
				93B67E7A231456C000392443 /* ProfileModule */,
				9304A9B82312BFA70013DABE /* HelperModules */,
				9304A9562312BBC90013DABE /* Main.storyboard */,
				9304A9592312BBCA0013DABE /* Assets.xcassets */,
				9304A95B2312BBCA0013DABE /* LaunchScreen.storyboard */,
				9304A9C12312C4860013DABE /* ProfileStatus-Bridging-Header.h */,
				9304A95E2312BBCA0013DABE /* Info.plist */,
			);
			path = ProfileStatus;
			sourceTree = "<group>";
		};
		9304A9662312BBCA0013DABE /* ProfileStatusTests */ = {
			isa = PBXGroup;
			children = (
				9304A9672312BBCA0013DABE /* ProfileStatusTests.swift */,
				93B67E902316B25B00392443 /* ProfileStatusVCTests.swift */,
				93B67E8E2316B00700392443 /* ProfileVMTests.swift */,
				9304A9692312BBCA0013DABE /* Info.plist */,
			);
			path = ProfileStatusTests;
			sourceTree = "<group>";
		};
		9304A9712312BBCA0013DABE /* ProfileStatusUITests */ = {
			isa = PBXGroup;
			children = (
				9304A9722312BBCA0013DABE /* ProfileStatusUITests.swift */,
				9304A9742312BBCA0013DABE /* Info.plist */,
			);
			path = ProfileStatusUITests;
			sourceTree = "<group>";
		};
		9304A9832312BF920013DABE /* Extensions */ = {
			isa = PBXGroup;
			children = (
				9304A9842312BF920013DABE /* CommonExtensions.swift */,
				93B67E78231454F500392443 /* ImageViewExtension.swift */,
				9304A9852312BF920013DABE /* Modelable.swift */,
				9304A9862312BF920013DABE /* URLExtension.swift */,
				9304A9872312BF920013DABE /* FileManagerExtension.swift */,
				9304A9882312BF920013DABE /* URLRequestExtension.swift */,
				9304A9892312BF920013DABE /* DictionaryExtension.swift */,
				9304A98A2312BF920013DABE /* JSONObject.swift */,
			);
			path = Extensions;
			sourceTree = "<group>";
		};
		9304A98B2312BF920013DABE /* Observer */ = {
			isa = PBXGroup;
			children = (
				9304A98C2312BF920013DABE /* NSObject+Observable.swift */,
				9304A98D2312BF920013DABE /* BlockBasedSelector.swift */,
				9304A98E2312BF920013DABE /* UIControls+Bindable.swift */,
				9304A9902312BF920013DABE /* Bindable.swift */,
				9304A9912312BF920013DABE /* CommonProtocol.swift */,
				9304A9922312BF920013DABE /* Observable.swift */,
				9304A9932312BF920013DABE /* BlockBasedSelector.h */,
				9304A98F2312BF920013DABE /* BlockBasedSelector.m */,
			);
			path = Observer;
			sourceTree = "<group>";
		};
		9304A9942312BF920013DABE /* NetworkModule */ = {
			isa = PBXGroup;
			children = (
				9304A99C2312BF920013DABE /* QueueManager */,
				9304A99E2312BF920013DABE /* NetworkAPIClient.swift */,
				9304A99F2312BF920013DABE /* NetworkRequest.swift */,
				9304A99A2312BF920013DABE /* RequestProtocol.swift */,
				9304A9992312BF920013DABE /* NetworkManager.swift */,
				9304A99B2312BF920013DABE /* NetworkAPIResponse.swift */,
			);
			path = NetworkModule;
			sourceTree = "<group>";
		};
		9304A99C2312BF920013DABE /* QueueManager */ = {
			isa = PBXGroup;
			children = (
				9304A99D2312BF920013DABE /* BaseOperationQueue.swift */,
			);
			path = QueueManager;
			sourceTree = "<group>";
		};
		9304A9B82312BFA70013DABE /* HelperModules */ = {
			isa = PBXGroup;
			children = (
				9304A9822312BF920013DABE /* Constants.swift */,
				9304A98B2312BF920013DABE /* Observer */,
				9304A9832312BF920013DABE /* Extensions */,
				9304A9942312BF920013DABE /* NetworkModule */,
			);
			path = HelperModules;
			sourceTree = "<group>";
		};
		93B67E7A231456C000392443 /* ProfileModule */ = {
			isa = PBXGroup;
			children = (
				93B67E7D231456ED00392443 /* ViewController */,
				93B67E862315258600392443 /* ViewModel */,
				93B67E872315259100392443 /* DataFetcher */,
				93B67E7B231456D800392443 /* Model */,
			);
			path = ProfileModule;
			sourceTree = "<group>";
		};
		93B67E7B231456D800392443 /* Model */ = {
			isa = PBXGroup;
			children = (
				9304A9B92312C0FB0013DABE /* File.swift */,
			);
			path = Model;
			sourceTree = "<group>";
		};
		93B67E7C231456DF00392443 /* View */ = {
			isa = PBXGroup;
			children = (
				93B67E762314409600392443 /* CircularProgress.swift */,
			);
			path = View;
			sourceTree = "<group>";
		};
		93B67E7D231456ED00392443 /* ViewController */ = {
			isa = PBXGroup;
			children = (
				9304A9802312BC030013DABE /* ProfileStatusVC.swift */,
				93B67E7C231456DF00392443 /* View */,
			);
			path = ViewController;
			sourceTree = "<group>";
		};
		93B67E862315258600392443 /* ViewModel */ = {
			isa = PBXGroup;
			children = (
				93B67E8223150BD700392443 /* ProfileVM.swift */,
			);
			path = ViewModel;
			sourceTree = "<group>";
		};
		93B67E872315259100392443 /* DataFetcher */ = {
			isa = PBXGroup;
			children = (
				93B67E8A2315ADF600392443 /* AvatarFetcher.swift */,
			);
			path = DataFetcher;
			sourceTree = "<group>";
		};
/* End PBXGroup section */

/* Begin PBXNativeTarget section */
		9304A94E2312BBC90013DABE /* ProfileStatus */ = {
			isa = PBXNativeTarget;
			buildConfigurationList = 9304A9772312BBCA0013DABE /* Build configuration list for PBXNativeTarget "ProfileStatus" */;
			buildPhases = (
				9304A94B2312BBC90013DABE /* Sources */,
				9304A94C2312BBC90013DABE /* Frameworks */,
				9304A94D2312BBC90013DABE /* Resources */,
			);
			buildRules = (
			);
			dependencies = (
			);
			name = ProfileStatus;
			productName = ProfileStatus;
			productReference = 9304A94F2312BBC90013DABE /* ProfileStatus.app */;
			productType = "com.apple.product-type.application";
		};
		9304A9622312BBCA0013DABE /* ProfileStatusTests */ = {
			isa = PBXNativeTarget;
			buildConfigurationList = 9304A97A2312BBCA0013DABE /* Build configuration list for PBXNativeTarget "ProfileStatusTests" */;
			buildPhases = (
				9304A95F2312BBCA0013DABE /* Sources */,
				9304A9602312BBCA0013DABE /* Frameworks */,
				9304A9612312BBCA0013DABE /* Resources */,
			);
			buildRules = (
			);
			dependencies = (
				9304A9652312BBCA0013DABE /* PBXTargetDependency */,
			);
			name = ProfileStatusTests;
			productName = ProfileStatusTests;
			productReference = 9304A9632312BBCA0013DABE /* ProfileStatusTests.xctest */;
			productType = "com.apple.product-type.bundle.unit-test";
		};
		9304A96D2312BBCA0013DABE /* ProfileStatusUITests */ = {
			isa = PBXNativeTarget;
			buildConfigurationList = 9304A97D2312BBCA0013DABE /* Build configuration list for PBXNativeTarget "ProfileStatusUITests" */;
			buildPhases = (
				9304A96A2312BBCA0013DABE /* Sources */,
				9304A96B2312BBCA0013DABE /* Frameworks */,
				9304A96C2312BBCA0013DABE /* Resources */,
			);
			buildRules = (
			);
			dependencies = (
				9304A9702312BBCA0013DABE /* PBXTargetDependency */,
			);
			name = ProfileStatusUITests;
			productName = ProfileStatusUITests;
			productReference = 9304A96E2312BBCA0013DABE /* ProfileStatusUITests.xctest */;
			productType = "com.apple.product-type.bundle.ui-testing";
		};
/* End PBXNativeTarget section */

/* Begin PBXProject section */
		9304A9472312BBC90013DABE /* Project object */ = {
			isa = PBXProject;
			attributes = {
				LastSwiftUpdateCheck = 1030;
				LastUpgradeCheck = 1030;
				ORGANIZATIONNAME = Venkata;
				TargetAttributes = {
					9304A94E2312BBC90013DABE = {
						CreatedOnToolsVersion = 10.3;
					};
					9304A9622312BBCA0013DABE = {
						CreatedOnToolsVersion = 10.3;
						TestTargetID = 9304A94E2312BBC90013DABE;
					};
					9304A96D2312BBCA0013DABE = {
						CreatedOnToolsVersion = 10.3;
						TestTargetID = 9304A94E2312BBC90013DABE;
					};
				};
			};
			buildConfigurationList = 9304A94A2312BBC90013DABE /* Build configuration list for PBXProject "ProfileStatus" */;
			compatibilityVersion = "Xcode 9.3";
			developmentRegion = en;
			hasScannedForEncodings = 0;
			knownRegions = (
				en,
				Base,
			);
			mainGroup = 9304A9462312BBC90013DABE;
			productRefGroup = 9304A9502312BBC90013DABE /* Products */;
			projectDirPath = "";
			projectRoot = "";
			targets = (
				9304A94E2312BBC90013DABE /* ProfileStatus */,
				9304A9622312BBCA0013DABE /* ProfileStatusTests */,
				9304A96D2312BBCA0013DABE /* ProfileStatusUITests */,
			);
		};
/* End PBXProject section */

/* Begin PBXResourcesBuildPhase section */
		9304A94D2312BBC90013DABE /* Resources */ = {
			isa = PBXResourcesBuildPhase;
			buildActionMask = 2147483647;
			files = (
				9304A95D2312BBCA0013DABE /* LaunchScreen.storyboard in Resources */,
				9304A95A2312BBCA0013DABE /* Assets.xcassets in Resources */,
				9304A9582312BBC90013DABE /* Main.storyboard in Resources */,
			);
			runOnlyForDeploymentPostprocessing = 0;
		};
		9304A9612312BBCA0013DABE /* Resources */ = {
			isa = PBXResourcesBuildPhase;
			buildActionMask = 2147483647;
			files = (
			);
			runOnlyForDeploymentPostprocessing = 0;
		};
		9304A96C2312BBCA0013DABE /* Resources */ = {
			isa = PBXResourcesBuildPhase;
			buildActionMask = 2147483647;
			files = (
			);
			runOnlyForDeploymentPostprocessing = 0;
		};
/* End PBXResourcesBuildPhase section */

/* Begin PBXSourcesBuildPhase section */
		9304A94B2312BBC90013DABE /* Sources */ = {
			isa = PBXSourcesBuildPhase;
			buildActionMask = 2147483647;
			files = (
				9304A9B72312BF930013DABE /* NetworkRequest.swift in Sources */,
				9304A9AB2312BF930013DABE /* BlockBasedSelector.m in Sources */,
				9304A9A62312BF930013DABE /* DictionaryExtension.swift in Sources */,
				9304A9812312BC030013DABE /* ProfileStatusVC.swift in Sources */,
				9304A9B22312BF930013DABE /* NetworkManager.swift in Sources */,
				9304A9532312BBC90013DABE /* AppDelegate.swift in Sources */,
				9304A9A42312BF930013DABE /* FileManagerExtension.swift in Sources */,
				9304A9AC2312BF930013DABE /* Bindable.swift in Sources */,
				9304A9A72312BF930013DABE /* JSONObject.swift in Sources */,
				9304A9A12312BF930013DABE /* CommonExtensions.swift in Sources */,
				93B67E8323150BD700392443 /* ProfileVM.swift in Sources */,
				9304A9AA2312BF930013DABE /* UIControls+Bindable.swift in Sources */,
				9304A9A82312BF930013DABE /* NSObject+Observable.swift in Sources */,
				9304A9B62312BF930013DABE /* NetworkAPIClient.swift in Sources */,
				9304A9B52312BF930013DABE /* BaseOperationQueue.swift in Sources */,
				9304A9AD2312BF930013DABE /* CommonProtocol.swift in Sources */,
				9304A9BA2312C0FB0013DABE /* File.swift in Sources */,
				9304A9A22312BF930013DABE /* Modelable.swift in Sources */,
				9304A9AE2312BF930013DABE /* Observable.swift in Sources */,
				9304A9B32312BF930013DABE /* RequestProtocol.swift in Sources */,
				9304A9B42312BF930013DABE /* NetworkAPIResponse.swift in Sources */,
				93B67E79231454F500392443 /* ImageViewExtension.swift in Sources */,
				9304A9A52312BF930013DABE /* URLRequestExtension.swift in Sources */,
				9304A9A02312BF930013DABE /* Constants.swift in Sources */,
				9304A9A92312BF930013DABE /* BlockBasedSelector.swift in Sources */,
				93B67E8B2315ADF600392443 /* AvatarFetcher.swift in Sources */,
				93B67E772314409600392443 /* CircularProgress.swift in Sources */,
				9304A9A32312BF930013DABE /* URLExtension.swift in Sources */,
			);
			runOnlyForDeploymentPostprocessing = 0;
		};
		9304A95F2312BBCA0013DABE /* Sources */ = {
			isa = PBXSourcesBuildPhase;
			buildActionMask = 2147483647;
			files = (
				93B67E912316B25B00392443 /* ProfileStatusVCTests.swift in Sources */,
				93B67E8F2316B00700392443 /* ProfileVMTests.swift in Sources */,
				9304A9682312BBCA0013DABE /* ProfileStatusTests.swift in Sources */,
			);
			runOnlyForDeploymentPostprocessing = 0;
		};
		9304A96A2312BBCA0013DABE /* Sources */ = {
			isa = PBXSourcesBuildPhase;
			buildActionMask = 2147483647;
			files = (
				9304A9732312BBCA0013DABE /* ProfileStatusUITests.swift in Sources */,
			);
			runOnlyForDeploymentPostprocessing = 0;
		};
/* End PBXSourcesBuildPhase section */

/* Begin PBXTargetDependency section */
		9304A9652312BBCA0013DABE /* PBXTargetDependency */ = {
			isa = PBXTargetDependency;
			target = 9304A94E2312BBC90013DABE /* ProfileStatus */;
			targetProxy = 9304A9642312BBCA0013DABE /* PBXContainerItemProxy */;
		};
		9304A9702312BBCA0013DABE /* PBXTargetDependency */ = {
			isa = PBXTargetDependency;
			target = 9304A94E2312BBC90013DABE /* ProfileStatus */;
			targetProxy = 9304A96F2312BBCA0013DABE /* PBXContainerItemProxy */;
		};
/* End PBXTargetDependency section */

/* Begin PBXVariantGroup section */
		9304A9562312BBC90013DABE /* Main.storyboard */ = {
			isa = PBXVariantGroup;
			children = (
				9304A9572312BBC90013DABE /* Base */,
			);
			name = Main.storyboard;
			sourceTree = "<group>";
		};
		9304A95B2312BBCA0013DABE /* LaunchScreen.storyboard */ = {
			isa = PBXVariantGroup;
			children = (
				9304A95C2312BBCA0013DABE /* Base */,
			);
			name = LaunchScreen.storyboard;
			sourceTree = "<group>";
		};
/* End PBXVariantGroup section */

/* Begin XCBuildConfiguration section */
		9304A9752312BBCA0013DABE /* Debug */ = {
			isa = XCBuildConfiguration;
			buildSettings = {
				ALWAYS_SEARCH_USER_PATHS = NO;
				CLANG_ANALYZER_NONNULL = YES;
				CLANG_ANALYZER_NUMBER_OBJECT_CONVERSION = YES_AGGRESSIVE;
				CLANG_CXX_LANGUAGE_STANDARD = "gnu++14";
				CLANG_CXX_LIBRARY = "libc++";
				CLANG_ENABLE_MODULES = YES;
				CLANG_ENABLE_OBJC_ARC = YES;
				CLANG_ENABLE_OBJC_WEAK = YES;
				CLANG_WARN_BLOCK_CAPTURE_AUTORELEASING = YES;
				CLANG_WARN_BOOL_CONVERSION = YES;
				CLANG_WARN_COMMA = YES;
				CLANG_WARN_CONSTANT_CONVERSION = YES;
				CLANG_WARN_DEPRECATED_OBJC_IMPLEMENTATIONS = YES;
				CLANG_WARN_DIRECT_OBJC_ISA_USAGE = YES_ERROR;
				CLANG_WARN_DOCUMENTATION_COMMENTS = YES;
				CLANG_WARN_EMPTY_BODY = YES;
				CLANG_WARN_ENUM_CONVERSION = YES;
				CLANG_WARN_INFINITE_RECURSION = YES;
				CLANG_WARN_INT_CONVERSION = YES;
				CLANG_WARN_NON_LITERAL_NULL_CONVERSION = YES;
				CLANG_WARN_OBJC_IMPLICIT_RETAIN_SELF = YES;
				CLANG_WARN_OBJC_LITERAL_CONVERSION = YES;
				CLANG_WARN_OBJC_ROOT_CLASS = YES_ERROR;
				CLANG_WARN_RANGE_LOOP_ANALYSIS = YES;
				CLANG_WARN_STRICT_PROTOTYPES = YES;
				CLANG_WARN_SUSPICIOUS_MOVE = YES;
				CLANG_WARN_UNGUARDED_AVAILABILITY = YES_AGGRESSIVE;
				CLANG_WARN_UNREACHABLE_CODE = YES;
				CLANG_WARN__DUPLICATE_METHOD_MATCH = YES;
				CODE_SIGN_IDENTITY = "iPhone Developer";
				COPY_PHASE_STRIP = NO;
				DEBUG_INFORMATION_FORMAT = dwarf;
				ENABLE_STRICT_OBJC_MSGSEND = YES;
				ENABLE_TESTABILITY = YES;
				GCC_C_LANGUAGE_STANDARD = gnu11;
				GCC_DYNAMIC_NO_PIC = NO;
				GCC_NO_COMMON_BLOCKS = YES;
				GCC_OPTIMIZATION_LEVEL = 0;
				GCC_PREPROCESSOR_DEFINITIONS = (
					"DEBUG=1",
					"$(inherited)",
				);
				GCC_WARN_64_TO_32_BIT_CONVERSION = YES;
				GCC_WARN_ABOUT_RETURN_TYPE = YES_ERROR;
				GCC_WARN_UNDECLARED_SELECTOR = YES;
				GCC_WARN_UNINITIALIZED_AUTOS = YES_AGGRESSIVE;
				GCC_WARN_UNUSED_FUNCTION = YES;
				GCC_WARN_UNUSED_VARIABLE = YES;
				IPHONEOS_DEPLOYMENT_TARGET = 12.4;
				MTL_ENABLE_DEBUG_INFO = INCLUDE_SOURCE;
				MTL_FAST_MATH = YES;
				ONLY_ACTIVE_ARCH = YES;
				SDKROOT = iphoneos;
				SWIFT_ACTIVE_COMPILATION_CONDITIONS = DEBUG;
				SWIFT_OPTIMIZATION_LEVEL = "-Onone";
			};
			name = Debug;
		};
		9304A9762312BBCA0013DABE /* Release */ = {
			isa = XCBuildConfiguration;
			buildSettings = {
				ALWAYS_SEARCH_USER_PATHS = NO;
				CLANG_ANALYZER_NONNULL = YES;
				CLANG_ANALYZER_NUMBER_OBJECT_CONVERSION = YES_AGGRESSIVE;
				CLANG_CXX_LANGUAGE_STANDARD = "gnu++14";
				CLANG_CXX_LIBRARY = "libc++";
				CLANG_ENABLE_MODULES = YES;
				CLANG_ENABLE_OBJC_ARC = YES;
				CLANG_ENABLE_OBJC_WEAK = YES;
				CLANG_WARN_BLOCK_CAPTURE_AUTORELEASING = YES;
				CLANG_WARN_BOOL_CONVERSION = YES;
				CLANG_WARN_COMMA = YES;
				CLANG_WARN_CONSTANT_CONVERSION = YES;
				CLANG_WARN_DEPRECATED_OBJC_IMPLEMENTATIONS = YES;
				CLANG_WARN_DIRECT_OBJC_ISA_USAGE = YES_ERROR;
				CLANG_WARN_DOCUMENTATION_COMMENTS = YES;
				CLANG_WARN_EMPTY_BODY = YES;
				CLANG_WARN_ENUM_CONVERSION = YES;
				CLANG_WARN_INFINITE_RECURSION = YES;
				CLANG_WARN_INT_CONVERSION = YES;
				CLANG_WARN_NON_LITERAL_NULL_CONVERSION = YES;
				CLANG_WARN_OBJC_IMPLICIT_RETAIN_SELF = YES;
				CLANG_WARN_OBJC_LITERAL_CONVERSION = YES;
				CLANG_WARN_OBJC_ROOT_CLASS = YES_ERROR;
				CLANG_WARN_RANGE_LOOP_ANALYSIS = YES;
				CLANG_WARN_STRICT_PROTOTYPES = YES;
				CLANG_WARN_SUSPICIOUS_MOVE = YES;
				CLANG_WARN_UNGUARDED_AVAILABILITY = YES_AGGRESSIVE;
				CLANG_WARN_UNREACHABLE_CODE = YES;
				CLANG_WARN__DUPLICATE_METHOD_MATCH = YES;
				CODE_SIGN_IDENTITY = "iPhone Developer";
				COPY_PHASE_STRIP = NO;
				DEBUG_INFORMATION_FORMAT = "dwarf-with-dsym";
				ENABLE_NS_ASSERTIONS = NO;
				ENABLE_STRICT_OBJC_MSGSEND = YES;
				GCC_C_LANGUAGE_STANDARD = gnu11;
				GCC_NO_COMMON_BLOCKS = YES;
				GCC_WARN_64_TO_32_BIT_CONVERSION = YES;
				GCC_WARN_ABOUT_RETURN_TYPE = YES_ERROR;
				GCC_WARN_UNDECLARED_SELECTOR = YES;
				GCC_WARN_UNINITIALIZED_AUTOS = YES_AGGRESSIVE;
				GCC_WARN_UNUSED_FUNCTION = YES;
				GCC_WARN_UNUSED_VARIABLE = YES;
				IPHONEOS_DEPLOYMENT_TARGET = 12.4;
				MTL_ENABLE_DEBUG_INFO = NO;
				MTL_FAST_MATH = YES;
				SDKROOT = iphoneos;
				SWIFT_COMPILATION_MODE = wholemodule;
				SWIFT_OPTIMIZATION_LEVEL = "-O";
				VALIDATE_PRODUCT = YES;
			};
			name = Release;
		};
		9304A9782312BBCA0013DABE /* Debug */ = {
			isa = XCBuildConfiguration;
			buildSettings = {
				ASSETCATALOG_COMPILER_APPICON_NAME = AppIcon;
				CODE_SIGN_STYLE = Automatic;
				INFOPLIST_FILE = ProfileStatus/Info.plist;
				LD_RUNPATH_SEARCH_PATHS = (
					"$(inherited)",
					"@executable_path/Frameworks",
				);
				PRODUCT_BUNDLE_IDENTIFIER = com.sample.ProfileStatus;
				PRODUCT_NAME = "$(TARGET_NAME)";
				SWIFT_OBJC_BRIDGING_HEADER = "ProfileStatus/ProfileStatus-Bridging-Header.h";
				SWIFT_PRECOMPILE_BRIDGING_HEADER = YES;
				SWIFT_VERSION = 5.0;
				TARGETED_DEVICE_FAMILY = "1,2";
			};
			name = Debug;
		};
		9304A9792312BBCA0013DABE /* Release */ = {
			isa = XCBuildConfiguration;
			buildSettings = {
				ASSETCATALOG_COMPILER_APPICON_NAME = AppIcon;
				CODE_SIGN_STYLE = Automatic;
				INFOPLIST_FILE = ProfileStatus/Info.plist;
				LD_RUNPATH_SEARCH_PATHS = (
					"$(inherited)",
					"@executable_path/Frameworks",
				);
				PRODUCT_BUNDLE_IDENTIFIER = com.sample.ProfileStatus;
				PRODUCT_NAME = "$(TARGET_NAME)";
				SWIFT_OBJC_BRIDGING_HEADER = "ProfileStatus/ProfileStatus-Bridging-Header.h";
				SWIFT_PRECOMPILE_BRIDGING_HEADER = YES;
				SWIFT_VERSION = 5.0;
				TARGETED_DEVICE_FAMILY = "1,2";
			};
			name = Release;
		};
		9304A97B2312BBCA0013DABE /* Debug */ = {
			isa = XCBuildConfiguration;
			buildSettings = {
				ALWAYS_EMBED_SWIFT_STANDARD_LIBRARIES = YES;
				BUNDLE_LOADER = "$(TEST_HOST)";
				CODE_SIGN_STYLE = Automatic;
				INFOPLIST_FILE = ProfileStatusTests/Info.plist;
				LD_RUNPATH_SEARCH_PATHS = (
					"$(inherited)",
					"@executable_path/Frameworks",
					"@loader_path/Frameworks",
				);
				PRODUCT_BUNDLE_IDENTIFIER = com.sample.ProfileStatusTests;
				PRODUCT_NAME = "$(TARGET_NAME)";
				SWIFT_VERSION = 5.0;
				TARGETED_DEVICE_FAMILY = "1,2";
				TEST_HOST = "$(BUILT_PRODUCTS_DIR)/ProfileStatus.app/ProfileStatus";
			};
			name = Debug;
		};
		9304A97C2312BBCA0013DABE /* Release */ = {
			isa = XCBuildConfiguration;
			buildSettings = {
				ALWAYS_EMBED_SWIFT_STANDARD_LIBRARIES = YES;
				BUNDLE_LOADER = "$(TEST_HOST)";
				CODE_SIGN_STYLE = Automatic;
				INFOPLIST_FILE = ProfileStatusTests/Info.plist;
				LD_RUNPATH_SEARCH_PATHS = (
					"$(inherited)",
					"@executable_path/Frameworks",
					"@loader_path/Frameworks",
				);
				PRODUCT_BUNDLE_IDENTIFIER = com.sample.ProfileStatusTests;
				PRODUCT_NAME = "$(TARGET_NAME)";
				SWIFT_VERSION = 5.0;
				TARGETED_DEVICE_FAMILY = "1,2";
				TEST_HOST = "$(BUILT_PRODUCTS_DIR)/ProfileStatus.app/ProfileStatus";
			};
			name = Release;
		};
		9304A97E2312BBCA0013DABE /* Debug */ = {
			isa = XCBuildConfiguration;
			buildSettings = {
				ALWAYS_EMBED_SWIFT_STANDARD_LIBRARIES = YES;
				CODE_SIGN_STYLE = Automatic;
				INFOPLIST_FILE = ProfileStatusUITests/Info.plist;
				LD_RUNPATH_SEARCH_PATHS = (
					"$(inherited)",
					"@executable_path/Frameworks",
					"@loader_path/Frameworks",
				);
				PRODUCT_BUNDLE_IDENTIFIER = com.sample.ProfileStatusUITests;
				PRODUCT_NAME = "$(TARGET_NAME)";
				SWIFT_VERSION = 5.0;
				TARGETED_DEVICE_FAMILY = "1,2";
				TEST_TARGET_NAME = ProfileStatus;
			};
			name = Debug;
		};
		9304A97F2312BBCA0013DABE /* Release */ = {
			isa = XCBuildConfiguration;
			buildSettings = {
				ALWAYS_EMBED_SWIFT_STANDARD_LIBRARIES = YES;
				CODE_SIGN_STYLE = Automatic;
				INFOPLIST_FILE = ProfileStatusUITests/Info.plist;
				LD_RUNPATH_SEARCH_PATHS = (
					"$(inherited)",
					"@executable_path/Frameworks",
					"@loader_path/Frameworks",
				);
				PRODUCT_BUNDLE_IDENTIFIER = com.sample.ProfileStatusUITests;
				PRODUCT_NAME = "$(TARGET_NAME)";
				SWIFT_VERSION = 5.0;
				TARGETED_DEVICE_FAMILY = "1,2";
				TEST_TARGET_NAME = ProfileStatus;
			};
			name = Release;
		};
/* End XCBuildConfiguration section */

/* Begin XCConfigurationList section */
		9304A94A2312BBC90013DABE /* Build configuration list for PBXProject "ProfileStatus" */ = {
			isa = XCConfigurationList;
			buildConfigurations = (
				9304A9752312BBCA0013DABE /* Debug */,
				9304A9762312BBCA0013DABE /* Release */,
			);
			defaultConfigurationIsVisible = 0;
			defaultConfigurationName = Release;
		};
		9304A9772312BBCA0013DABE /* Build configuration list for PBXNativeTarget "ProfileStatus" */ = {
			isa = XCConfigurationList;
			buildConfigurations = (
				9304A9782312BBCA0013DABE /* Debug */,
				9304A9792312BBCA0013DABE /* Release */,
			);
			defaultConfigurationIsVisible = 0;
			defaultConfigurationName = Release;
		};
		9304A97A2312BBCA0013DABE /* Build configuration list for PBXNativeTarget "ProfileStatusTests" */ = {
			isa = XCConfigurationList;
			buildConfigurations = (
				9304A97B2312BBCA0013DABE /* Debug */,
				9304A97C2312BBCA0013DABE /* Release */,
			);
			defaultConfigurationIsVisible = 0;
			defaultConfigurationName = Release;
		};
		9304A97D2312BBCA0013DABE /* Build configuration list for PBXNativeTarget "ProfileStatusUITests" */ = {
			isa = XCConfigurationList;
			buildConfigurations = (
				9304A97E2312BBCA0013DABE /* Debug */,
				9304A97F2312BBCA0013DABE /* Release */,
			);
			defaultConfigurationIsVisible = 0;
			defaultConfigurationName = Release;
		};
/* End XCConfigurationList section */
	};
	rootObject = 9304A9472312BBC90013DABE /* Project object */;
}
